// !$*UTF8*$!
{
	archiveVersion = 1;
	classes = {
	};
	objectVersion = 46;
	objects = {

/* Begin PBXBuildFile section */
		642236420AF8D2E2D5280CE5 /* libPods-MyTestCocoaPods.a in Frameworks */ = {isa = PBXBuildFile; fileRef = BF7CC68E5D26AAAB99FD1831 /* libPods-MyTestCocoaPods.a */; };
		9B3E804F1D5B1B57009719F1 /* main.m in Sources */ = {isa = PBXBuildFile; fileRef = 9B3E804E1D5B1B57009719F1 /* main.m */; };
		9B3E80521D5B1B57009719F1 /* AppDelegate.m in Sources */ = {isa = PBXBuildFile; fileRef = 9B3E80511D5B1B57009719F1 /* AppDelegate.m */; };
		9B3E80581D5B1B57009719F1 /* Main.storyboard in Resources */ = {isa = PBXBuildFile; fileRef = 9B3E80561D5B1B57009719F1 /* Main.storyboard */; };
		9B3E805A1D5B1B57009719F1 /* Assets.xcassets in Resources */ = {isa = PBXBuildFile; fileRef = 9B3E80591D5B1B57009719F1 /* Assets.xcassets */; };
		9B3E805D1D5B1B57009719F1 /* LaunchScreen.storyboard in Resources */ = {isa = PBXBuildFile; fileRef = 9B3E805B1D5B1B57009719F1 /* LaunchScreen.storyboard */; };
		9B3E80651D5B1BF6009719F1 /* UIKit.framework in Frameworks */ = {isa = PBXBuildFile; fileRef = 9B3E80641D5B1BF6009719F1 /* UIKit.framework */; };
		9B3E80671D5B1BFD009719F1 /* Foundation.framework in Frameworks */ = {isa = PBXBuildFile; fileRef = 9B3E80661D5B1BFD009719F1 /* Foundation.framework */; };
		9B3E80761D5B2541009719F1 /* MyCocoaPodsObject.m in Sources */ = {isa = PBXBuildFile; fileRef = 9B3E80751D5B2541009719F1 /* MyCocoaPodsObject.m */; };
		9B3EACE61D5DC2010079AE0E /* Photos.framework in Frameworks */ = {isa = PBXBuildFile; fileRef = 9B3EACE51D5DC2010079AE0E /* Photos.framework */; };
		9B3EACE91D5DC2130079AE0E /* ZLPhotoTool.m in Sources */ = {isa = PBXBuildFile; fileRef = 9B3EACE81D5DC2130079AE0E /* ZLPhotoTool.m */; };
		9B3EACF51D5DC8630079AE0E /* PhotoPickerController.m in Sources */ = {isa = PBXBuildFile; fileRef = 9B3EACF31D5DC8630079AE0E /* PhotoPickerController.m */; };
		9B3EAD001D5DCE0A0079AE0E /* PhotoPickerCell.m in Sources */ = {isa = PBXBuildFile; fileRef = 9B3EACFE1D5DCE0A0079AE0E /* PhotoPickerCell.m */; };
		9B3EAD031D5DCE190079AE0E /* PhotoPickerCell.xib in Resources */ = {isa = PBXBuildFile; fileRef = 9B3EAD021D5DCE190079AE0E /* PhotoPickerCell.xib */; };
		9B3EAD051D5DDC220079AE0E /* PhotoPickerController.xib in Resources */ = {isa = PBXBuildFile; fileRef = 9B3EAD041D5DDC220079AE0E /* PhotoPickerController.xib */; };
		9B47E37A1D6197D9004DC926 /* PhotoAsset.bundle in Resources */ = {isa = PBXBuildFile; fileRef = 9B47E3791D6197D9004DC926 /* PhotoAsset.bundle */; };
		9B5CB6811D600F430035640A /* QuartzCore.framework in Frameworks */ = {isa = PBXBuildFile; fileRef = 9B5CB6801D600F430035640A /* QuartzCore.framework */; };
		9B60316C1D60468B0016C7C3 /* PhotoPickerBottomView.m in Sources */ = {isa = PBXBuildFile; fileRef = 9B60316B1D60468B0016C7C3 /* PhotoPickerBottomView.m */; };
		9B60316E1D6046970016C7C3 /* PhotoPickerBottomView.xib in Resources */ = {isa = PBXBuildFile; fileRef = 9B60316D1D6046970016C7C3 /* PhotoPickerBottomView.xib */; };
		9B7AED111D5C147400D574DC /* NKJPagerViewController.m in Sources */ = {isa = PBXBuildFile; fileRef = 9B7AED101D5C147400D574DC /* NKJPagerViewController.m */; };
		9B7AED141D5C15C900D574DC /* NKJPagerCtrlContrller.m in Sources */ = {isa = PBXBuildFile; fileRef = 9B7AED131D5C15C900D574DC /* NKJPagerCtrlContrller.m */; };
		9B93409E1D5E07AC0039628D /* MainTableViewController.m in Sources */ = {isa = PBXBuildFile; fileRef = 9B93409D1D5E07AC0039628D /* MainTableViewController.m */; };
		9BCAB3E61D5C527D00B978A3 /* PagerSubViewController.m in Sources */ = {isa = PBXBuildFile; fileRef = 9BCAB3E51D5C527D00B978A3 /* PagerSubViewController.m */; };
		9BCAB3E91D5C53D300B978A3 /* PagerViewController.m in Sources */ = {isa = PBXBuildFile; fileRef = 9BCAB3E81D5C53D300B978A3 /* PagerViewController.m */; };
/* End PBXBuildFile section */

/* Begin PBXFileReference section */
		5CC1CD5DE5B8144F2CE1FBE9 /* Pods-MyTestCocoaPods.debug.xcconfig */ = {isa = PBXFileReference; includeInIndex = 1; lastKnownFileType = text.xcconfig; name = "Pods-MyTestCocoaPods.debug.xcconfig"; path = "Pods/Target Support Files/Pods-MyTestCocoaPods/Pods-MyTestCocoaPods.debug.xcconfig"; sourceTree = "<group>"; };
		9B3E804A1D5B1B57009719F1 /* MyTestCocoaPods.app */ = {isa = PBXFileReference; explicitFileType = wrapper.application; includeInIndex = 0; path = MyTestCocoaPods.app; sourceTree = BUILT_PRODUCTS_DIR; };
		9B3E804E1D5B1B57009719F1 /* main.m */ = {isa = PBXFileReference; lastKnownFileType = sourcecode.c.objc; path = main.m; sourceTree = "<group>"; };
		9B3E80501D5B1B57009719F1 /* AppDelegate.h */ = {isa = PBXFileReference; lastKnownFileType = sourcecode.c.h; path = AppDelegate.h; sourceTree = "<group>"; };
		9B3E80511D5B1B57009719F1 /* AppDelegate.m */ = {isa = PBXFileReference; lastKnownFileType = sourcecode.c.objc; path = AppDelegate.m; sourceTree = "<group>"; };
		9B3E80571D5B1B57009719F1 /* Base */ = {isa = PBXFileReference; lastKnownFileType = file.storyboard; name = Base; path = Base.lproj/Main.storyboard; sourceTree = "<group>"; };
		9B3E80591D5B1B57009719F1 /* Assets.xcassets */ = {isa = PBXFileReference; lastKnownFileType = folder.assetcatalog; path = Assets.xcassets; sourceTree = "<group>"; };
		9B3E805C1D5B1B57009719F1 /* Base */ = {isa = PBXFileReference; lastKnownFileType = file.storyboard; name = Base; path = Base.lproj/LaunchScreen.storyboard; sourceTree = "<group>"; };
		9B3E805E1D5B1B57009719F1 /* Info.plist */ = {isa = PBXFileReference; lastKnownFileType = text.plist.xml; path = Info.plist; sourceTree = "<group>"; };
		9B3E80641D5B1BF6009719F1 /* UIKit.framework */ = {isa = PBXFileReference; lastKnownFileType = wrapper.framework; name = UIKit.framework; path = System/Library/Frameworks/UIKit.framework; sourceTree = SDKROOT; };
		9B3E80661D5B1BFD009719F1 /* Foundation.framework */ = {isa = PBXFileReference; lastKnownFileType = wrapper.framework; name = Foundation.framework; path = System/Library/Frameworks/Foundation.framework; sourceTree = SDKROOT; };
		9B3E80721D5B2541009719F1 /* MyCocoaPodsHeader.h */ = {isa = PBXFileReference; fileEncoding = 4; lastKnownFileType = sourcecode.c.h; path = MyCocoaPodsHeader.h; sourceTree = "<group>"; };
		9B3E80741D5B2541009719F1 /* MyCocoaPodsObject.h */ = {isa = PBXFileReference; fileEncoding = 4; lastKnownFileType = sourcecode.c.h; path = MyCocoaPodsObject.h; sourceTree = "<group>"; };
		9B3E80751D5B2541009719F1 /* MyCocoaPodsObject.m */ = {isa = PBXFileReference; fileEncoding = 4; lastKnownFileType = sourcecode.c.objc; path = MyCocoaPodsObject.m; sourceTree = "<group>"; };
		9B3EACE51D5DC2010079AE0E /* Photos.framework */ = {isa = PBXFileReference; lastKnownFileType = wrapper.framework; name = Photos.framework; path = System/Library/Frameworks/Photos.framework; sourceTree = SDKROOT; };
		9B3EACE71D5DC2130079AE0E /* ZLPhotoTool.h */ = {isa = PBXFileReference; fileEncoding = 4; lastKnownFileType = sourcecode.c.h; path = ZLPhotoTool.h; sourceTree = "<group>"; };
		9B3EACE81D5DC2130079AE0E /* ZLPhotoTool.m */ = {isa = PBXFileReference; fileEncoding = 4; lastKnownFileType = sourcecode.c.objc; path = ZLPhotoTool.m; sourceTree = "<group>"; };
		9B3EACF21D5DC8630079AE0E /* PhotoPickerController.h */ = {isa = PBXFileReference; fileEncoding = 4; lastKnownFileType = sourcecode.c.h; path = PhotoPickerController.h; sourceTree = "<group>"; };
		9B3EACF31D5DC8630079AE0E /* PhotoPickerController.m */ = {isa = PBXFileReference; fileEncoding = 4; lastKnownFileType = sourcecode.c.objc; path = PhotoPickerController.m; sourceTree = "<group>"; };
		9B3EACFD1D5DCE0A0079AE0E /* PhotoPickerCell.h */ = {isa = PBXFileReference; fileEncoding = 4; lastKnownFileType = sourcecode.c.h; path = PhotoPickerCell.h; sourceTree = "<group>"; };
		9B3EACFE1D5DCE0A0079AE0E /* PhotoPickerCell.m */ = {isa = PBXFileReference; fileEncoding = 4; lastKnownFileType = sourcecode.c.objc; path = PhotoPickerCell.m; sourceTree = "<group>"; };
		9B3EAD021D5DCE190079AE0E /* PhotoPickerCell.xib */ = {isa = PBXFileReference; fileEncoding = 4; lastKnownFileType = file.xib; path = PhotoPickerCell.xib; sourceTree = "<group>"; };
		9B3EAD041D5DDC220079AE0E /* PhotoPickerController.xib */ = {isa = PBXFileReference; fileEncoding = 4; lastKnownFileType = file.xib; path = PhotoPickerController.xib; sourceTree = "<group>"; };
		9B47E3791D6197D9004DC926 /* PhotoAsset.bundle */ = {isa = PBXFileReference; lastKnownFileType = "wrapper.plug-in"; path = PhotoAsset.bundle; sourceTree = "<group>"; };
		9B5CB6801D600F430035640A /* QuartzCore.framework */ = {isa = PBXFileReference; lastKnownFileType = wrapper.framework; name = QuartzCore.framework; path = System/Library/Frameworks/QuartzCore.framework; sourceTree = SDKROOT; };
		9B60316A1D60468B0016C7C3 /* PhotoPickerBottomView.h */ = {isa = PBXFileReference; fileEncoding = 4; lastKnownFileType = sourcecode.c.h; path = PhotoPickerBottomView.h; sourceTree = "<group>"; };
		9B60316B1D60468B0016C7C3 /* PhotoPickerBottomView.m */ = {isa = PBXFileReference; fileEncoding = 4; lastKnownFileType = sourcecode.c.objc; path = PhotoPickerBottomView.m; sourceTree = "<group>"; };
		9B60316D1D6046970016C7C3 /* PhotoPickerBottomView.xib */ = {isa = PBXFileReference; fileEncoding = 4; lastKnownFileType = file.xib; path = PhotoPickerBottomView.xib; sourceTree = "<group>"; };
		9B7AED0F1D5C147400D574DC /* NKJPagerViewController.h */ = {isa = PBXFileReference; fileEncoding = 4; lastKnownFileType = sourcecode.c.h; path = NKJPagerViewController.h; sourceTree = "<group>"; };
		9B7AED101D5C147400D574DC /* NKJPagerViewController.m */ = {isa = PBXFileReference; fileEncoding = 4; lastKnownFileType = sourcecode.c.objc; path = NKJPagerViewController.m; sourceTree = "<group>"; };
		9B7AED121D5C15C900D574DC /* NKJPagerCtrlContrller.h */ = {isa = PBXFileReference; fileEncoding = 4; lastKnownFileType = sourcecode.c.h; path = NKJPagerCtrlContrller.h; sourceTree = "<group>"; };
		9B7AED131D5C15C900D574DC /* NKJPagerCtrlContrller.m */ = {isa = PBXFileReference; fileEncoding = 4; lastKnownFileType = sourcecode.c.objc; path = NKJPagerCtrlContrller.m; sourceTree = "<group>"; };
		9B93409C1D5E07AC0039628D /* MainTableViewController.h */ = {isa = PBXFileReference; fileEncoding = 4; lastKnownFileType = sourcecode.c.h; path = MainTableViewController.h; sourceTree = "<group>"; };
		9B93409D1D5E07AC0039628D /* MainTableViewController.m */ = {isa = PBXFileReference; fileEncoding = 4; lastKnownFileType = sourcecode.c.objc; path = MainTableViewController.m; sourceTree = "<group>"; };
		9BCAB3E41D5C527D00B978A3 /* PagerSubViewController.h */ = {isa = PBXFileReference; fileEncoding = 4; lastKnownFileType = sourcecode.c.h; path = PagerSubViewController.h; sourceTree = "<group>"; };
		9BCAB3E51D5C527D00B978A3 /* PagerSubViewController.m */ = {isa = PBXFileReference; fileEncoding = 4; lastKnownFileType = sourcecode.c.objc; path = PagerSubViewController.m; sourceTree = "<group>"; };
		9BCAB3E71D5C53D300B978A3 /* PagerViewController.h */ = {isa = PBXFileReference; fileEncoding = 4; lastKnownFileType = sourcecode.c.h; path = PagerViewController.h; sourceTree = "<group>"; };
		9BCAB3E81D5C53D300B978A3 /* PagerViewController.m */ = {isa = PBXFileReference; fileEncoding = 4; lastKnownFileType = sourcecode.c.objc; path = PagerViewController.m; sourceTree = "<group>"; };
		B03DF2B1E1A561D97C24CAA5 /* Pods-MyTestCocoaPods.release.xcconfig */ = {isa = PBXFileReference; includeInIndex = 1; lastKnownFileType = text.xcconfig; name = "Pods-MyTestCocoaPods.release.xcconfig"; path = "Pods/Target Support Files/Pods-MyTestCocoaPods/Pods-MyTestCocoaPods.release.xcconfig"; sourceTree = "<group>"; };
		BF7CC68E5D26AAAB99FD1831 /* libPods-MyTestCocoaPods.a */ = {isa = PBXFileReference; explicitFileType = archive.ar; includeInIndex = 0; path = "libPods-MyTestCocoaPods.a"; sourceTree = BUILT_PRODUCTS_DIR; };
/* End PBXFileReference section */

/* Begin PBXFrameworksBuildPhase section */
		9B3E80471D5B1B57009719F1 /* Frameworks */ = {
			isa = PBXFrameworksBuildPhase;
			buildActionMask = 2147483647;
			files = (
				9B5CB6811D600F430035640A /* QuartzCore.framework in Frameworks */,
				9B3EACE61D5DC2010079AE0E /* Photos.framework in Frameworks */,
				9B3E80671D5B1BFD009719F1 /* Foundation.framework in Frameworks */,
				9B3E80651D5B1BF6009719F1 /* UIKit.framework in Frameworks */,
				642236420AF8D2E2D5280CE5 /* libPods-MyTestCocoaPods.a in Frameworks */,
			);
			runOnlyForDeploymentPostprocessing = 0;
		};
/* End PBXFrameworksBuildPhase section */

/* Begin PBXGroup section */
		47DACA68DD4AFF9BBDC6518F /* Pods */ = {
			isa = PBXGroup;
			children = (
				5CC1CD5DE5B8144F2CE1FBE9 /* Pods-MyTestCocoaPods.debug.xcconfig */,
				B03DF2B1E1A561D97C24CAA5 /* Pods-MyTestCocoaPods.release.xcconfig */,
			);
			name = Pods;
			sourceTree = "<group>";
		};
		9B3E80411D5B1B57009719F1 = {
			isa = PBXGroup;
			children = (
				9B5CB6801D600F430035640A /* QuartzCore.framework */,
				9B3EACE51D5DC2010079AE0E /* Photos.framework */,
				9B3E80661D5B1BFD009719F1 /* Foundation.framework */,
				9B3E80641D5B1BF6009719F1 /* UIKit.framework */,
				9B3E804C1D5B1B57009719F1 /* MyTestCocoaPods */,
				9B3E804B1D5B1B57009719F1 /* Products */,
				47DACA68DD4AFF9BBDC6518F /* Pods */,
				EE80A86E014267C0F7C77922 /* Frameworks */,
			);
			sourceTree = "<group>";
		};
		9B3E804B1D5B1B57009719F1 /* Products */ = {
			isa = PBXGroup;
			children = (
				9B3E804A1D5B1B57009719F1 /* MyTestCocoaPods.app */,
			);
			name = Products;
			sourceTree = "<group>";
		};
		9B3E804C1D5B1B57009719F1 /* MyTestCocoaPods */ = {
			isa = PBXGroup;
			children = (
				9B3E806B1D5B1C61009719F1 /* MyObject */,
				9B3E80501D5B1B57009719F1 /* AppDelegate.h */,
				9B3E80511D5B1B57009719F1 /* AppDelegate.m */,
				9B3E80561D5B1B57009719F1 /* Main.storyboard */,
				9B3E80591D5B1B57009719F1 /* Assets.xcassets */,
				9B3E805B1D5B1B57009719F1 /* LaunchScreen.storyboard */,
				9B3E805E1D5B1B57009719F1 /* Info.plist */,
				9B93409B1D5E07790039628D /* PhotoPickerContrllers */,
				9BCAB3E01D5C523E00B978A3 /* PagerViewControllers */,
				9B3E804D1D5B1B57009719F1 /* Supporting Files */,
				9B93409C1D5E07AC0039628D /* MainTableViewController.h */,
				9B93409D1D5E07AC0039628D /* MainTableViewController.m */,
			);
			path = MyTestCocoaPods;
			sourceTree = "<group>";
		};
		9B3E804D1D5B1B57009719F1 /* Supporting Files */ = {
			isa = PBXGroup;
			children = (
				9B3E804E1D5B1B57009719F1 /* main.m */,
			);
			name = "Supporting Files";
			sourceTree = "<group>";
		};
		9B3E806B1D5B1C61009719F1 /* MyObject */ = {
			isa = PBXGroup;
			children = (
				9B3E80721D5B2541009719F1 /* MyCocoaPodsHeader.h */,
				9B3EACEA1D5DC4240079AE0E /* Resources */,
				9B3EACE41D5DBF320079AE0E /* PhotoPickerContrller */,
				9B7AED0E1D5C147400D574DC /* PageContrller */,
			);
			path = MyObject;
			sourceTree = "<group>";
		};
		9B3E80731D5B2541009719F1 /* Object */ = {
			isa = PBXGroup;
			children = (
				9B3E80741D5B2541009719F1 /* MyCocoaPodsObject.h */,
				9B3E80751D5B2541009719F1 /* MyCocoaPodsObject.m */,
			);
			name = Object;
			path = ../Object;
			sourceTree = "<group>";
		};
		9B3EACE41D5DBF320079AE0E /* PhotoPickerContrller */ = {
			isa = PBXGroup;
			children = (
				9B3EACFC1D5DCB7A0079AE0E /* ThildPart */,
				9B3EACF21D5DC8630079AE0E /* PhotoPickerController.h */,
				9B3EACF31D5DC8630079AE0E /* PhotoPickerController.m */,
				9B3EACFD1D5DCE0A0079AE0E /* PhotoPickerCell.h */,
				9B3EACFE1D5DCE0A0079AE0E /* PhotoPickerCell.m */,
				9B60316A1D60468B0016C7C3 /* PhotoPickerBottomView.h */,
				9B60316B1D60468B0016C7C3 /* PhotoPickerBottomView.m */,
			);
			path = PhotoPickerContrller;
			sourceTree = "<group>";
		};
		9B3EACEA1D5DC4240079AE0E /* Resources */ = {
			isa = PBXGroup;
			children = (
				9B47E3791D6197D9004DC926 /* PhotoAsset.bundle */,
				9B3EAD041D5DDC220079AE0E /* PhotoPickerController.xib */,
				9B3EAD021D5DCE190079AE0E /* PhotoPickerCell.xib */,
				9B60316D1D6046970016C7C3 /* PhotoPickerBottomView.xib */,
			);
			path = Resources;
			sourceTree = "<group>";
		};
		9B3EACFC1D5DCB7A0079AE0E /* ThildPart */ = {
			isa = PBXGroup;
			children = (
				9B3EACE71D5DC2130079AE0E /* ZLPhotoTool.h */,
				9B3EACE81D5DC2130079AE0E /* ZLPhotoTool.m */,
			);
			name = ThildPart;
			sourceTree = "<group>";
		};
		9B7AED0E1D5C147400D574DC /* PageContrller */ = {
			isa = PBXGroup;
			children = (
				9B3E80731D5B2541009719F1 /* Object */,
				9B7AED0F1D5C147400D574DC /* NKJPagerViewController.h */,
				9B7AED101D5C147400D574DC /* NKJPagerViewController.m */,
				9B7AED121D5C15C900D574DC /* NKJPagerCtrlContrller.h */,
				9B7AED131D5C15C900D574DC /* NKJPagerCtrlContrller.m */,
			);
			path = PageContrller;
			sourceTree = "<group>";
		};
		9B93409B1D5E07790039628D /* PhotoPickerContrllers */ = {
			isa = PBXGroup;
			children = (
			);
			path = PhotoPickerContrllers;
			sourceTree = "<group>";
		};
		9BCAB3E01D5C523E00B978A3 /* PagerViewControllers */ = {
			isa = PBXGroup;
			children = (
				9BCAB3E41D5C527D00B978A3 /* PagerSubViewController.h */,
				9BCAB3E51D5C527D00B978A3 /* PagerSubViewController.m */,
				9BCAB3E71D5C53D300B978A3 /* PagerViewController.h */,
				9BCAB3E81D5C53D300B978A3 /* PagerViewController.m */,
			);
			path = PagerViewControllers;
			sourceTree = "<group>";
		};
		EE80A86E014267C0F7C77922 /* Frameworks */ = {
			isa = PBXGroup;
			children = (
				BF7CC68E5D26AAAB99FD1831 /* libPods-MyTestCocoaPods.a */,
			);
			name = Frameworks;
			sourceTree = "<group>";
		};
/* End PBXGroup section */

/* Begin PBXNativeTarget section */
		9B3E80491D5B1B57009719F1 /* MyTestCocoaPods */ = {
			isa = PBXNativeTarget;
			buildConfigurationList = 9B3E80611D5B1B57009719F1 /* Build configuration list for PBXNativeTarget "MyTestCocoaPods" */;
			buildPhases = (
				64D777AB439725B07D1C3EA6 /* 📦 Check Pods Manifest.lock */,
				9B3E80461D5B1B57009719F1 /* Sources */,
				9B3E80471D5B1B57009719F1 /* Frameworks */,
				9B3E80481D5B1B57009719F1 /* Resources */,
				47030E362809944B5952ACEA /* 📦 Embed Pods Frameworks */,
				0358F71B9037B5175F720076 /* 📦 Copy Pods Resources */,
			);
			buildRules = (
			);
			dependencies = (
			);
			name = MyTestCocoaPods;
			productName = MyTestCocoaPods;
			productReference = 9B3E804A1D5B1B57009719F1 /* MyTestCocoaPods.app */;
			productType = "com.apple.product-type.application";
		};
/* End PBXNativeTarget section */

/* Begin PBXProject section */
		9B3E80421D5B1B57009719F1 /* Project object */ = {
			isa = PBXProject;
			attributes = {
				LastUpgradeCheck = 0730;
				ORGANIZATIONNAME = "Nutrition Rite  Co. Ltd.";
				TargetAttributes = {
					9B3E80491D5B1B57009719F1 = {
						CreatedOnToolsVersion = 7.3.1;
					};
				};
			};
			buildConfigurationList = 9B3E80451D5B1B57009719F1 /* Build configuration list for PBXProject "MyTestCocoaPods" */;
			compatibilityVersion = "Xcode 3.2";
			developmentRegion = English;
			hasScannedForEncodings = 0;
			knownRegions = (
				en,
				Base,
			);
			mainGroup = 9B3E80411D5B1B57009719F1;
			productRefGroup = 9B3E804B1D5B1B57009719F1 /* Products */;
			projectDirPath = "";
			projectRoot = "";
			targets = (
				9B3E80491D5B1B57009719F1 /* MyTestCocoaPods */,
			);
		};
/* End PBXProject section */

/* Begin PBXResourcesBuildPhase section */
		9B3E80481D5B1B57009719F1 /* Resources */ = {
			isa = PBXResourcesBuildPhase;
			buildActionMask = 2147483647;
			files = (
				9B3E805D1D5B1B57009719F1 /* LaunchScreen.storyboard in Resources */,
				9B3E805A1D5B1B57009719F1 /* Assets.xcassets in Resources */,
				9B3EAD031D5DCE190079AE0E /* PhotoPickerCell.xib in Resources */,
				9B47E37A1D6197D9004DC926 /* PhotoAsset.bundle in Resources */,
				9B3E80581D5B1B57009719F1 /* Main.storyboard in Resources */,
				9B60316E1D6046970016C7C3 /* PhotoPickerBottomView.xib in Resources */,
				9B3EAD051D5DDC220079AE0E /* PhotoPickerController.xib in Resources */,
			);
			runOnlyForDeploymentPostprocessing = 0;
		};
/* End PBXResourcesBuildPhase section */

/* Begin PBXShellScriptBuildPhase section */
		0358F71B9037B5175F720076 /* 📦 Copy Pods Resources */ = {
			isa = PBXShellScriptBuildPhase;
			buildActionMask = 2147483647;
			files = (
			);
			inputPaths = (
			);
			name = "📦 Copy Pods Resources";
			outputPaths = (
			);
			runOnlyForDeploymentPostprocessing = 0;
			shellPath = /bin/sh;
			shellScript = "\"${SRCROOT}/Pods/Target Support Files/Pods-MyTestCocoaPods/Pods-MyTestCocoaPods-resources.sh\"\n";
			showEnvVarsInLog = 0;
		};
		47030E362809944B5952ACEA /* 📦 Embed Pods Frameworks */ = {
			isa = PBXShellScriptBuildPhase;
			buildActionMask = 2147483647;
			files = (
			);
			inputPaths = (
			);
			name = "📦 Embed Pods Frameworks";
			outputPaths = (
			);
			runOnlyForDeploymentPostprocessing = 0;
			shellPath = /bin/sh;
			shellScript = "\"${SRCROOT}/Pods/Target Support Files/Pods-MyTestCocoaPods/Pods-MyTestCocoaPods-frameworks.sh\"\n";
			showEnvVarsInLog = 0;
		};
		64D777AB439725B07D1C3EA6 /* 📦 Check Pods Manifest.lock */ = {
			isa = PBXShellScriptBuildPhase;
			buildActionMask = 2147483647;
			files = (
			);
			inputPaths = (
			);
			name = "📦 Check Pods Manifest.lock";
			outputPaths = (
			);
			runOnlyForDeploymentPostprocessing = 0;
			shellPath = /bin/sh;
			shellScript = "diff \"${PODS_ROOT}/../Podfile.lock\" \"${PODS_ROOT}/Manifest.lock\" > /dev/null\nif [[ $? != 0 ]] ; then\n    cat << EOM\nerror: The sandbox is not in sync with the Podfile.lock. Run 'pod install' or update your CocoaPods installation.\nEOM\n    exit 1\nfi\n";
			showEnvVarsInLog = 0;
		};
/* End PBXShellScriptBuildPhase section */

/* Begin PBXSourcesBuildPhase section */
		9B3E80461D5B1B57009719F1 /* Sources */ = {
			isa = PBXSourcesBuildPhase;
			buildActionMask = 2147483647;
			files = (
				9B7AED111D5C147400D574DC /* NKJPagerViewController.m in Sources */,
				9B7AED141D5C15C900D574DC /* NKJPagerCtrlContrller.m in Sources */,
				9B3E80521D5B1B57009719F1 /* AppDelegate.m in Sources */,
				9B3EACF51D5DC8630079AE0E /* PhotoPickerController.m in Sources */,
				9BCAB3E61D5C527D00B978A3 /* PagerSubViewController.m in Sources */,
				9B3E80761D5B2541009719F1 /* MyCocoaPodsObject.m in Sources */,
				9B60316C1D60468B0016C7C3 /* PhotoPickerBottomView.m in Sources */,
				9B3EAD001D5DCE0A0079AE0E /* PhotoPickerCell.m in Sources */,
				9B93409E1D5E07AC0039628D /* MainTableViewController.m in Sources */,
				9BCAB3E91D5C53D300B978A3 /* PagerViewController.m in Sources */,
				9B3EACE91D5DC2130079AE0E /* ZLPhotoTool.m in Sources */,
				9B3E804F1D5B1B57009719F1 /* main.m in Sources */,
			);
			runOnlyForDeploymentPostprocessing = 0;
		};
/* End PBXSourcesBuildPhase section */

/* Begin PBXVariantGroup section */
		9B3E80561D5B1B57009719F1 /* Main.storyboard */ = {
			isa = PBXVariantGroup;
			children = (
				9B3E80571D5B1B57009719F1 /* Base */,
			);
			name = Main.storyboard;
			sourceTree = "<group>";
		};
		9B3E805B1D5B1B57009719F1 /* LaunchScreen.storyboard */ = {
			isa = PBXVariantGroup;
			children = (
				9B3E805C1D5B1B57009719F1 /* Base */,
			);
			name = LaunchScreen.storyboard;
			sourceTree = "<group>";
		};
/* End PBXVariantGroup section */

/* Begin XCBuildConfiguration section */
		9B3E805F1D5B1B57009719F1 /* Debug */ = {
			isa = XCBuildConfiguration;
			buildSettings = {
				ALWAYS_SEARCH_USER_PATHS = NO;
				CLANG_ANALYZER_NONNULL = YES;
				CLANG_CXX_LANGUAGE_STANDARD = "gnu++0x";
				CLANG_CXX_LIBRARY = "libc++";
				CLANG_ENABLE_MODULES = YES;
				CLANG_ENABLE_OBJC_ARC = YES;
				CLANG_WARN_BOOL_CONVERSION = YES;
				CLANG_WARN_CONSTANT_CONVERSION = YES;
				CLANG_WARN_DIRECT_OBJC_ISA_USAGE = YES_ERROR;
				CLANG_WARN_EMPTY_BODY = YES;
				CLANG_WARN_ENUM_CONVERSION = YES;
				CLANG_WARN_INT_CONVERSION = YES;
				CLANG_WARN_OBJC_ROOT_CLASS = YES_ERROR;
				CLANG_WARN_UNREACHABLE_CODE = YES;
				CLANG_WARN__DUPLICATE_METHOD_MATCH = YES;
				"CODE_SIGN_IDENTITY[sdk=iphoneos*]" = "iPhone Developer";
				COPY_PHASE_STRIP = NO;
				DEBUG_INFORMATION_FORMAT = dwarf;
				ENABLE_STRICT_OBJC_MSGSEND = YES;
				ENABLE_TESTABILITY = YES;
				GCC_C_LANGUAGE_STANDARD = gnu99;
				GCC_DYNAMIC_NO_PIC = NO;
				GCC_NO_COMMON_BLOCKS = YES;
				GCC_OPTIMIZATION_LEVEL = 0;
				GCC_PREPROCESSOR_DEFINITIONS = (
					"DEBUG=1",
					"$(inherited)",
				);
				GCC_WARN_64_TO_32_BIT_CONVERSION = YES;
				GCC_WARN_ABOUT_RETURN_TYPE = YES_ERROR;
				GCC_WARN_UNDECLARED_SELECTOR = YES;
				GCC_WARN_UNINITIALIZED_AUTOS = YES_AGGRESSIVE;
				GCC_WARN_UNUSED_FUNCTION = YES;
				GCC_WARN_UNUSED_VARIABLE = YES;
				IPHONEOS_DEPLOYMENT_TARGET = 9.3;
				MTL_ENABLE_DEBUG_INFO = YES;
				ONLY_ACTIVE_ARCH = YES;
				SDKROOT = iphoneos;
				TARGETED_DEVICE_FAMILY = "1,2";
			};
			name = Debug;
		};
		9B3E80601D5B1B57009719F1 /* Release */ = {
			isa = XCBuildConfiguration;
			buildSettings = {
				ALWAYS_SEARCH_USER_PATHS = NO;
				CLANG_ANALYZER_NONNULL = YES;
				CLANG_CXX_LANGUAGE_STANDARD = "gnu++0x";
				CLANG_CXX_LIBRARY = "libc++";
				CLANG_ENABLE_MODULES = YES;
				CLANG_ENABLE_OBJC_ARC = YES;
				CLANG_WARN_BOOL_CONVERSION = YES;
				CLANG_WARN_CONSTANT_CONVERSION = YES;
				CLANG_WARN_DIRECT_OBJC_ISA_USAGE = YES_ERROR;
				CLANG_WARN_EMPTY_BODY = YES;
				CLANG_WARN_ENUM_CONVERSION = YES;
				CLANG_WARN_INT_CONVERSION = YES;
				CLANG_WARN_OBJC_ROOT_CLASS = YES_ERROR;
				CLANG_WARN_UNREACHABLE_CODE = YES;
				CLANG_WARN__DUPLICATE_METHOD_MATCH = YES;
				"CODE_SIGN_IDENTITY[sdk=iphoneos*]" = "iPhone Developer";
				COPY_PHASE_STRIP = NO;
				DEBUG_INFORMATION_FORMAT = "dwarf-with-dsym";
				ENABLE_NS_ASSERTIONS = NO;
				ENABLE_STRICT_OBJC_MSGSEND = YES;
				GCC_C_LANGUAGE_STANDARD = gnu99;
				GCC_NO_COMMON_BLOCKS = YES;
				GCC_WARN_64_TO_32_BIT_CONVERSION = YES;
				GCC_WARN_ABOUT_RETURN_TYPE = YES_ERROR;
				GCC_WARN_UNDECLARED_SELECTOR = YES;
				GCC_WARN_UNINITIALIZED_AUTOS = YES_AGGRESSIVE;
				GCC_WARN_UNUSED_FUNCTION = YES;
				GCC_WARN_UNUSED_VARIABLE = YES;
				IPHONEOS_DEPLOYMENT_TARGET = 9.3;
				MTL_ENABLE_DEBUG_INFO = NO;
				SDKROOT = iphoneos;
				TARGETED_DEVICE_FAMILY = "1,2";
				VALIDATE_PRODUCT = YES;
			};
			name = Release;
		};
		9B3E80621D5B1B57009719F1 /* Debug */ = {
			isa = XCBuildConfiguration;
			baseConfigurationReference = 5CC1CD5DE5B8144F2CE1FBE9 /* Pods-MyTestCocoaPods.debug.xcconfig */;
			buildSettings = {
				ASSETCATALOG_COMPILER_APPICON_NAME = AppIcon;
				ASSETCATALOG_COMPILER_LAUNCHIMAGE_NAME = "Brand Assets";
				INFOPLIST_FILE = MyTestCocoaPods/Info.plist;
				IPHONEOS_DEPLOYMENT_TARGET = 8.0;
				LD_RUNPATH_SEARCH_PATHS = "$(inherited) @executable_path/Frameworks";
				PRODUCT_BUNDLE_IDENTIFIER = edu.NutritionRite.MyTestCocoaPods;
				PRODUCT_NAME = "$(TARGET_NAME)";
			};
			name = Debug;
		};
		9B3E80631D5B1B57009719F1 /* Release */ = {
			isa = XCBuildConfiguration;
			baseConfigurationReference = B03DF2B1E1A561D97C24CAA5 /* Pods-MyTestCocoaPods.release.xcconfig */;
			buildSettings = {
				ASSETCATALOG_COMPILER_APPICON_NAME = AppIcon;
				ASSETCATALOG_COMPILER_LAUNCHIMAGE_NAME = "Brand Assets";
				INFOPLIST_FILE = MyTestCocoaPods/Info.plist;
				IPHONEOS_DEPLOYMENT_TARGET = 8.0;
				LD_RUNPATH_SEARCH_PATHS = "$(inherited) @executable_path/Frameworks";
				PRODUCT_BUNDLE_IDENTIFIER = edu.NutritionRite.MyTestCocoaPods;
				PRODUCT_NAME = "$(TARGET_NAME)";
			};
			name = Release;
		};
/* End XCBuildConfiguration section */

/* Begin XCConfigurationList section */
		9B3E80451D5B1B57009719F1 /* Build configuration list for PBXProject "MyTestCocoaPods" */ = {
			isa = XCConfigurationList;
			buildConfigurations = (
				9B3E805F1D5B1B57009719F1 /* Debug */,
				9B3E80601D5B1B57009719F1 /* Release */,
			);
			defaultConfigurationIsVisible = 0;
			defaultConfigurationName = Release;
		};
		9B3E80611D5B1B57009719F1 /* Build configuration list for PBXNativeTarget "MyTestCocoaPods" */ = {
			isa = XCConfigurationList;
			buildConfigurations = (
				9B3E80621D5B1B57009719F1 /* Debug */,
				9B3E80631D5B1B57009719F1 /* Release */,
			);
			defaultConfigurationIsVisible = 0;
			defaultConfigurationName = Release;
		};
/* End XCConfigurationList section */
	};
	rootObject = 9B3E80421D5B1B57009719F1 /* Project object */;
}
